
Microsoft Visual Studio Solution File, Format Version 12.00
# Visual Studio Version 17
VisualStudioVersion = 17.4.33110.190
MinimumVisualStudioVersion = 10.0.40219.1
Project("{FAE04EC0-301F-11D3-BF4B-00C04F79EFBC}") = "AzureDeployment", "AzureDeployment.csproj", "{D5233BF7-3CCF-468F-A3BC-B80E2F77543A}"
EndProject
Global
	GlobalSection(SolutionConfigurationPlatforms) = preSolution
		Debug|Any CPU = Debug|Any CPU
		Release|Any CPU = Release|Any CPU
	EndGlobalSection
	GlobalSection(ProjectConfigurationPlatforms) = postSolution
		{D5233BF7-3CCF-468F-A3BC-B80E2F77543A}.Debug|Any CPU.ActiveCfg = Debug|Any CPU
		{D5233BF7-3CCF-468F-A3BC-B80E2F77543A}.Debug|Any CPU.Build.0 = Debug|Any CPU
		{D5233BF7-3CCF-468F-A3BC-B80E2F77543A}.Release|Any CPU.ActiveCfg = Release|Any CPU
		{D5233BF7-3CCF-468F-A3BC-B80E2F77543A}.Release|Any CPU.Build.0 = Release|Any CPU
	EndGlobalSection
	GlobalSection(SolutionProperties) = preSolution
		HideSolutionNode = FALSE
	EndGlobalSection
	GlobalSection(ExtensibilityGlobals) = postSolution
		SolutionGuid = {00022883-C405-45EF-B1FB-CE9EAF26CD76}
	EndGlobalSection
EndGlobal
